
Microsoft Visual Studio Solution File, Format Version 12.00
# Visual Studio Version 17
VisualStudioVersion = 17.9.34622.214
MinimumVisualStudioVersion = 10.0.40219.1
Project("{2150E333-8FDC-42A3-9474-1A3956D46DE8}") = "Caliburn", "Caliburn", "{774F96E7-FAC6-4037-B2EE-24ECD087A529}"
EndProject
Project("{9A19103F-16F7-4668-BE54-9A1E7A4F7556}") = "CaliburnLab", "CaliburnLab\CaliburnLab.csproj", "{6BBD3AE7-5508-418C-8710-F5C332187AD1}"
EndProject
Project("{2150E333-8FDC-42A3-9474-1A3956D46DE8}") = "画图", "画图", "{83EBCF81-8A6F-41E6-88E4-46431174BC0C}"
EndProject
Project("{FAE04EC0-301F-11D3-BF4B-00C04F79EFBC}") = "TransformLab", "TransformLab\TransformLab.csproj", "{DF0A8E84-2188-4D22-87DD-3A0C272745D9}"
EndProject
Global
	GlobalSection(SolutionConfigurationPlatforms) = preSolution
		Debug|Any CPU = Debug|Any CPU
		Release|Any CPU = Release|Any CPU
	EndGlobalSection
	GlobalSection(ProjectConfigurationPlatforms) = postSolution
		{6BBD3AE7-5508-418C-8710-F5C332187AD1}.Debug|Any CPU.ActiveCfg = Debug|Any CPU
		{6BBD3AE7-5508-418C-8710-F5C332187AD1}.Debug|Any CPU.Build.0 = Debug|Any CPU
		{6BBD3AE7-5508-418C-8710-F5C332187AD1}.Release|Any CPU.ActiveCfg = Release|Any CPU
		{6BBD3AE7-5508-418C-8710-F5C332187AD1}.Release|Any CPU.Build.0 = Release|Any CPU
		{DF0A8E84-2188-4D22-87DD-3A0C272745D9}.Debug|Any CPU.ActiveCfg = Debug|Any CPU
		{DF0A8E84-2188-4D22-87DD-3A0C272745D9}.Debug|Any CPU.Build.0 = Debug|Any CPU
		{DF0A8E84-2188-4D22-87DD-3A0C272745D9}.Release|Any CPU.ActiveCfg = Release|Any CPU
		{DF0A8E84-2188-4D22-87DD-3A0C272745D9}.Release|Any CPU.Build.0 = Release|Any CPU
	EndGlobalSection
	GlobalSection(SolutionProperties) = preSolution
		HideSolutionNode = FALSE
	EndGlobalSection
	GlobalSection(NestedProjects) = preSolution
		{6BBD3AE7-5508-418C-8710-F5C332187AD1} = {774F96E7-FAC6-4037-B2EE-24ECD087A529}
		{DF0A8E84-2188-4D22-87DD-3A0C272745D9} = {83EBCF81-8A6F-41E6-88E4-46431174BC0C}
	EndGlobalSection
	GlobalSection(ExtensibilityGlobals) = postSolution
		SolutionGuid = {FD0BED36-4A5A-40F6-BA78-83965D26EF6B}
	EndGlobalSection
EndGlobal
